{
  "name": "hono",
  "version": "1.0.0",
  "lockfileVersion": 3,
  "requires": true,
  "packages": {
    "": {
      "name": "hono",
      "version": "1.0.0",
      "license": "ISC",
      "dependencies": {
        "@hono/node-server": "^1.12.0",
        "hono": "^4.5.4",
        "hono-sessions": "^0.5.8"
      }
    },
    "node_modules/@hono/node-server": {
      "version": "1.12.0",
      "resolved": "https://registry.npmjs.org/@hono/node-server/-/node-server-1.12.0.tgz",
      "integrity": "sha512-e6oHjNiErRxsZRZBmc2KucuvY3btlO/XPncIpP2X75bRdTilF9GLjm3NHvKKunpJbbJJj31/FoPTksTf8djAVw==",
      "engines": {
        "node": ">=18.14.1"
      }
    },
    "node_modules/hono": {
      "version": "4.5.4",
      "resolved": "https://registry.npmjs.org/hono/-/hono-4.5.4.tgz",
      "integrity": "sha512-k2IguJfRgNCpDbAfpxk+o+fZBLFHl4+eIZUpjc1ItZWHeZ37SmT3efA1UpkIaC0hSf1NJg0E79/wWn6g9LQ4Cw==",
      "engines": {
        "node": ">=16.0.0"
      }
    },
    "node_modules/hono-sessions": {
      "version": "0.5.8",
      "resolved": "https://registry.npmjs.org/hono-sessions/-/hono-sessions-0.5.8.tgz",
      "integrity": "sha512-RTPVnjVaB+JcENp+gKi7olhJhsxRa2gaB6cpLtt7uZf51+JeZH3FNealY9nIBxle+SwKtAQJkAjdcOmYGShaIg==",
      "dependencies": {
        "hono": "^4.0.0",
        "iron-webcrypto": "0.10.1"
      }
    },
    "node_modules/iron-webcrypto": {
      "version": "0.10.1",
      "resolved": "https://registry.npmjs.org/iron-webcrypto/-/iron-webcrypto-0.10.1.tgz",
      "integrity": "sha512-QGOS8MRMnj/UiOa+aMIgfyHcvkhqNUsUxb1XzskENvbo+rEfp6TOwqd1KPuDzXC4OnGHcMSVxDGRoilqB8ViqA==",
      "funding": {
        "url": "https://github.com/sponsors/brc-dd"
      }
    }
  }
}
